// !$*UTF8*$!
{
	archiveVersion = 1;
	classes = {
	};
	objectVersion = 56;
	objects = {

/* Begin PBXBuildFile section */
		441812522B792389006C4173 /* LIBRIFY_SWIFT_UIApp.swift in Sources */ = {isa = PBXBuildFile; fileRef = 441812512B792389006C4173 /* LIBRIFY_SWIFT_UIApp.swift */; };
		441812542B792389006C4173 /* ContentView.swift in Sources */ = {isa = PBXBuildFile; fileRef = 441812532B792389006C4173 /* ContentView.swift */; };
		441812562B79238C006C4173 /* Assets.xcassets in Resources */ = {isa = PBXBuildFile; fileRef = 441812552B79238C006C4173 /* Assets.xcassets */; };
		441812592B79238C006C4173 /* Preview Assets.xcassets in Resources */ = {isa = PBXBuildFile; fileRef = 441812582B79238C006C4173 /* Preview Assets.xcassets */; };
		441812632B79238C006C4173 /* LIBRIFY_SWIFT_UITests.swift in Sources */ = {isa = PBXBuildFile; fileRef = 441812622B79238C006C4173 /* LIBRIFY_SWIFT_UITests.swift */; };
		4418126D2B79238C006C4173 /* LIBRIFY_SWIFT_UIUITests.swift in Sources */ = {isa = PBXBuildFile; fileRef = 4418126C2B79238C006C4173 /* LIBRIFY_SWIFT_UIUITests.swift */; };
		4418126F2B79238C006C4173 /* LIBRIFY_SWIFT_UIUITestsLaunchTests.swift in Sources */ = {isa = PBXBuildFile; fileRef = 4418126E2B79238C006C4173 /* LIBRIFY_SWIFT_UIUITestsLaunchTests.swift */; };
		441812822B7931A1006C4173 /* moduleView.swift in Sources */ = {isa = PBXBuildFile; fileRef = 441812812B7931A1006C4173 /* moduleView.swift */; };
		441812832B7931A1006C4173 /* moduleView.swift in Sources */ = {isa = PBXBuildFile; fileRef = 441812812B7931A1006C4173 /* moduleView.swift */; };
		441812842B7931A1006C4173 /* moduleView.swift in Sources */ = {isa = PBXBuildFile; fileRef = 441812812B7931A1006C4173 /* moduleView.swift */; };
		441812862B7939B0006C4173 /* bookModel.swift in Sources */ = {isa = PBXBuildFile; fileRef = 441812852B7939B0006C4173 /* bookModel.swift */; };
		441812872B7939B0006C4173 /* bookModel.swift in Sources */ = {isa = PBXBuildFile; fileRef = 441812852B7939B0006C4173 /* bookModel.swift */; };
		441812882B7939B0006C4173 /* bookModel.swift in Sources */ = {isa = PBXBuildFile; fileRef = 441812852B7939B0006C4173 /* bookModel.swift */; };
		443AB5F32BB485C70052C620 /* bookDetailView.swift in Sources */ = {isa = PBXBuildFile; fileRef = 443AB5F22BB485C70052C620 /* bookDetailView.swift */; };
		443AB5F42BB485C70052C620 /* bookDetailView.swift in Sources */ = {isa = PBXBuildFile; fileRef = 443AB5F22BB485C70052C620 /* bookDetailView.swift */; };
		443AB5F52BB485C70052C620 /* bookDetailView.swift in Sources */ = {isa = PBXBuildFile; fileRef = 443AB5F22BB485C70052C620 /* bookDetailView.swift */; };
		447A83AC2B7A588E005F5911 /* bookView.swift in Sources */ = {isa = PBXBuildFile; fileRef = 447A83AB2B7A588D005F5911 /* bookView.swift */; };
		44C5745B2BC02A9A0078AA0A /* reviewModel.swift in Sources */ = {isa = PBXBuildFile; fileRef = 44C5745A2BC02A9A0078AA0A /* reviewModel.swift */; };
		44C5745C2BC02A9A0078AA0A /* reviewModel.swift in Sources */ = {isa = PBXBuildFile; fileRef = 44C5745A2BC02A9A0078AA0A /* reviewModel.swift */; };
		44C5745D2BC02A9A0078AA0A /* reviewModel.swift in Sources */ = {isa = PBXBuildFile; fileRef = 44C5745A2BC02A9A0078AA0A /* reviewModel.swift */; };
/* End PBXBuildFile section */

/* Begin PBXContainerItemProxy section */
		4418125F2B79238C006C4173 /* PBXContainerItemProxy */ = {
			isa = PBXContainerItemProxy;
			containerPortal = 441812462B792389006C4173 /* Project object */;
			proxyType = 1;
			remoteGlobalIDString = 4418124D2B792389006C4173;
			remoteInfo = "LIBRIFY SWIFT UI";
		};
		441812692B79238C006C4173 /* PBXContainerItemProxy */ = {
			isa = PBXContainerItemProxy;
			containerPortal = 441812462B792389006C4173 /* Project object */;
			proxyType = 1;
			remoteGlobalIDString = 4418124D2B792389006C4173;
			remoteInfo = "LIBRIFY SWIFT UI";
		};
/* End PBXContainerItemProxy section */

/* Begin PBXFileReference section */
		4418124E2B792389006C4173 /* LIBRIFY SWIFT UI.app */ = {isa = PBXFileReference; explicitFileType = wrapper.application; includeInIndex = 0; path = "LIBRIFY SWIFT UI.app"; sourceTree = BUILT_PRODUCTS_DIR; };
		441812512B792389006C4173 /* LIBRIFY_SWIFT_UIApp.swift */ = {isa = PBXFileReference; lastKnownFileType = sourcecode.swift; path = LIBRIFY_SWIFT_UIApp.swift; sourceTree = "<group>"; };
		441812532B792389006C4173 /* ContentView.swift */ = {isa = PBXFileReference; lastKnownFileType = sourcecode.swift; path = ContentView.swift; sourceTree = "<group>"; };
		441812552B79238C006C4173 /* Assets.xcassets */ = {isa = PBXFileReference; lastKnownFileType = folder.assetcatalog; path = Assets.xcassets; sourceTree = "<group>"; };
		441812582B79238C006C4173 /* Preview Assets.xcassets */ = {isa = PBXFileReference; lastKnownFileType = folder.assetcatalog; path = "Preview Assets.xcassets"; sourceTree = "<group>"; };
		4418125E2B79238C006C4173 /* LIBRIFY SWIFT UITests.xctest */ = {isa = PBXFileReference; explicitFileType = wrapper.cfbundle; includeInIndex = 0; path = "LIBRIFY SWIFT UITests.xctest"; sourceTree = BUILT_PRODUCTS_DIR; };
		441812622B79238C006C4173 /* LIBRIFY_SWIFT_UITests.swift */ = {isa = PBXFileReference; lastKnownFileType = sourcecode.swift; path = LIBRIFY_SWIFT_UITests.swift; sourceTree = "<group>"; };
		441812682B79238C006C4173 /* LIBRIFY SWIFT UIUITests.xctest */ = {isa = PBXFileReference; explicitFileType = wrapper.cfbundle; includeInIndex = 0; path = "LIBRIFY SWIFT UIUITests.xctest"; sourceTree = BUILT_PRODUCTS_DIR; };
		4418126C2B79238C006C4173 /* LIBRIFY_SWIFT_UIUITests.swift */ = {isa = PBXFileReference; lastKnownFileType = sourcecode.swift; path = LIBRIFY_SWIFT_UIUITests.swift; sourceTree = "<group>"; };
		4418126E2B79238C006C4173 /* LIBRIFY_SWIFT_UIUITestsLaunchTests.swift */ = {isa = PBXFileReference; lastKnownFileType = sourcecode.swift; path = LIBRIFY_SWIFT_UIUITestsLaunchTests.swift; sourceTree = "<group>"; };
		441812812B7931A1006C4173 /* moduleView.swift */ = {isa = PBXFileReference; lastKnownFileType = sourcecode.swift; path = moduleView.swift; sourceTree = "<group>"; };
		441812852B7939B0006C4173 /* bookModel.swift */ = {isa = PBXFileReference; lastKnownFileType = sourcecode.swift; path = bookModel.swift; sourceTree = "<group>"; };
		443AB5F22BB485C70052C620 /* bookDetailView.swift */ = {isa = PBXFileReference; lastKnownFileType = sourcecode.swift; path = bookDetailView.swift; sourceTree = "<group>"; };
		447A83AB2B7A588D005F5911 /* bookView.swift */ = {isa = PBXFileReference; lastKnownFileType = sourcecode.swift; path = bookView.swift; sourceTree = "<group>"; };
		44C5745A2BC02A9A0078AA0A /* reviewModel.swift */ = {isa = PBXFileReference; lastKnownFileType = sourcecode.swift; path = reviewModel.swift; sourceTree = "<group>"; };
/* End PBXFileReference section */

/* Begin PBXFrameworksBuildPhase section */
		4418124B2B792389006C4173 /* Frameworks */ = {
			isa = PBXFrameworksBuildPhase;
			buildActionMask = 2147483647;
			files = (
			);
			runOnlyForDeploymentPostprocessing = 0;
		};
		4418125B2B79238C006C4173 /* Frameworks */ = {
			isa = PBXFrameworksBuildPhase;
			buildActionMask = 2147483647;
			files = (
			);
			runOnlyForDeploymentPostprocessing = 0;
		};
		441812652B79238C006C4173 /* Frameworks */ = {
			isa = PBXFrameworksBuildPhase;
			buildActionMask = 2147483647;
			files = (
			);
			runOnlyForDeploymentPostprocessing = 0;
		};
/* End PBXFrameworksBuildPhase section */

/* Begin PBXGroup section */
		441812452B792389006C4173 = {
			isa = PBXGroup;
			children = (
				443AB5F22BB485C70052C620 /* bookDetailView.swift */,
				441812852B7939B0006C4173 /* bookModel.swift */,
				44C5745A2BC02A9A0078AA0A /* reviewModel.swift */,
				441812502B792389006C4173 /* LIBRIFY SWIFT UI */,
				441812612B79238C006C4173 /* LIBRIFY SWIFT UITests */,
				4418126B2B79238C006C4173 /* LIBRIFY SWIFT UIUITests */,
				4418124F2B792389006C4173 /* Products */,
			);
			sourceTree = "<group>";
		};
		4418124F2B792389006C4173 /* Products */ = {
			isa = PBXGroup;
			children = (
				4418124E2B792389006C4173 /* LIBRIFY SWIFT UI.app */,
				4418125E2B79238C006C4173 /* LIBRIFY SWIFT UITests.xctest */,
				441812682B79238C006C4173 /* LIBRIFY SWIFT UIUITests.xctest */,
			);
			name = Products;
			sourceTree = "<group>";
		};
		441812502B792389006C4173 /* LIBRIFY SWIFT UI */ = {
			isa = PBXGroup;
			children = (
				441812512B792389006C4173 /* LIBRIFY_SWIFT_UIApp.swift */,
				441812532B792389006C4173 /* ContentView.swift */,
				441812552B79238C006C4173 /* Assets.xcassets */,
				441812572B79238C006C4173 /* Preview Content */,
			);
			path = "LIBRIFY SWIFT UI";
			sourceTree = "<group>";
		};
		441812572B79238C006C4173 /* Preview Content */ = {
			isa = PBXGroup;
			children = (
				441812582B79238C006C4173 /* Preview Assets.xcassets */,
				441812812B7931A1006C4173 /* moduleView.swift */,
				447A83AB2B7A588D005F5911 /* bookView.swift */,
			);
			path = "Preview Content";
			sourceTree = "<group>";
		};
		441812612B79238C006C4173 /* LIBRIFY SWIFT UITests */ = {
			isa = PBXGroup;
			children = (
				441812622B79238C006C4173 /* LIBRIFY_SWIFT_UITests.swift */,
			);
			path = "LIBRIFY SWIFT UITests";
			sourceTree = "<group>";
		};
		4418126B2B79238C006C4173 /* LIBRIFY SWIFT UIUITests */ = {
			isa = PBXGroup;
			children = (
				4418126C2B79238C006C4173 /* LIBRIFY_SWIFT_UIUITests.swift */,
				4418126E2B79238C006C4173 /* LIBRIFY_SWIFT_UIUITestsLaunchTests.swift */,
			);
			path = "LIBRIFY SWIFT UIUITests";
			sourceTree = "<group>";
		};
/* End PBXGroup section */

/* Begin PBXNativeTarget section */
		4418124D2B792389006C4173 /* LIBRIFY SWIFT UI */ = {
			isa = PBXNativeTarget;
			buildConfigurationList = 441812722B79238C006C4173 /* Build configuration list for PBXNativeTarget "LIBRIFY SWIFT UI" */;
			buildPhases = (
				4418124A2B792389006C4173 /* Sources */,
				4418124B2B792389006C4173 /* Frameworks */,
				4418124C2B792389006C4173 /* Resources */,
			);
			buildRules = (
			);
			dependencies = (
			);
			name = "LIBRIFY SWIFT UI";
			productName = "LIBRIFY SWIFT UI";
			productReference = 4418124E2B792389006C4173 /* LIBRIFY SWIFT UI.app */;
			productType = "com.apple.product-type.application";
		};
		4418125D2B79238C006C4173 /* LIBRIFY SWIFT UITests */ = {
			isa = PBXNativeTarget;
			buildConfigurationList = 441812752B79238C006C4173 /* Build configuration list for PBXNativeTarget "LIBRIFY SWIFT UITests" */;
			buildPhases = (
				4418125A2B79238C006C4173 /* Sources */,
				4418125B2B79238C006C4173 /* Frameworks */,
				4418125C2B79238C006C4173 /* Resources */,
			);
			buildRules = (
			);
			dependencies = (
				441812602B79238C006C4173 /* PBXTargetDependency */,
			);
			name = "LIBRIFY SWIFT UITests";
			productName = "LIBRIFY SWIFT UITests";
			productReference = 4418125E2B79238C006C4173 /* LIBRIFY SWIFT UITests.xctest */;
			productType = "com.apple.product-type.bundle.unit-test";
		};
		441812672B79238C006C4173 /* LIBRIFY SWIFT UIUITests */ = {
			isa = PBXNativeTarget;
			buildConfigurationList = 441812782B79238C006C4173 /* Build configuration list for PBXNativeTarget "LIBRIFY SWIFT UIUITests" */;
			buildPhases = (
				441812642B79238C006C4173 /* Sources */,
				441812652B79238C006C4173 /* Frameworks */,
				441812662B79238C006C4173 /* Resources */,
			);
			buildRules = (
			);
			dependencies = (
				4418126A2B79238C006C4173 /* PBXTargetDependency */,
			);
			name = "LIBRIFY SWIFT UIUITests";
			productName = "LIBRIFY SWIFT UIUITests";
			productReference = 441812682B79238C006C4173 /* LIBRIFY SWIFT UIUITests.xctest */;
			productType = "com.apple.product-type.bundle.ui-testing";
		};
/* End PBXNativeTarget section */

/* Begin PBXProject section */
		441812462B792389006C4173 /* Project object */ = {
			isa = PBXProject;
			attributes = {
				BuildIndependentTargetsInParallel = 1;
				LastSwiftUpdateCheck = 1520;
				LastUpgradeCheck = 1520;
				TargetAttributes = {
					4418124D2B792389006C4173 = {
						CreatedOnToolsVersion = 15.2;
					};
					4418125D2B79238C006C4173 = {
						CreatedOnToolsVersion = 15.2;
						TestTargetID = 4418124D2B792389006C4173;
					};
					441812672B79238C006C4173 = {
						CreatedOnToolsVersion = 15.2;
						TestTargetID = 4418124D2B792389006C4173;
					};
				};
			};
			buildConfigurationList = 441812492B792389006C4173 /* Build configuration list for PBXProject "LIBRIFY SWIFT UI" */;
			compatibilityVersion = "Xcode 14.0";
			developmentRegion = en;
			hasScannedForEncodings = 0;
			knownRegions = (
				en,
				Base,
			);
			mainGroup = 441812452B792389006C4173;
			productRefGroup = 4418124F2B792389006C4173 /* Products */;
			projectDirPath = "";
			projectRoot = "";
			targets = (
				4418124D2B792389006C4173 /* LIBRIFY SWIFT UI */,
				4418125D2B79238C006C4173 /* LIBRIFY SWIFT UITests */,
				441812672B79238C006C4173 /* LIBRIFY SWIFT UIUITests */,
			);
		};
/* End PBXProject section */

/* Begin PBXResourcesBuildPhase section */
		4418124C2B792389006C4173 /* Resources */ = {
			isa = PBXResourcesBuildPhase;
			buildActionMask = 2147483647;
			files = (
				441812592B79238C006C4173 /* Preview Assets.xcassets in Resources */,
				441812562B79238C006C4173 /* Assets.xcassets in Resources */,
			);
			runOnlyForDeploymentPostprocessing = 0;
		};
		4418125C2B79238C006C4173 /* Resources */ = {
			isa = PBXResourcesBuildPhase;
			buildActionMask = 2147483647;
			files = (
			);
			runOnlyForDeploymentPostprocessing = 0;
		};
		441812662B79238C006C4173 /* Resources */ = {
			isa = PBXResourcesBuildPhase;
			buildActionMask = 2147483647;
			files = (
			);
			runOnlyForDeploymentPostprocessing = 0;
		};
/* End PBXResourcesBuildPhase section */

/* Begin PBXSourcesBuildPhase section */
		4418124A2B792389006C4173 /* Sources */ = {
			isa = PBXSourcesBuildPhase;
			buildActionMask = 2147483647;
			files = (
				441812542B792389006C4173 /* ContentView.swift in Sources */,
				44C5745B2BC02A9A0078AA0A /* reviewModel.swift in Sources */,
				441812522B792389006C4173 /* LIBRIFY_SWIFT_UIApp.swift in Sources */,
				441812862B7939B0006C4173 /* bookModel.swift in Sources */,
				441812822B7931A1006C4173 /* moduleView.swift in Sources */,
				443AB5F32BB485C70052C620 /* bookDetailView.swift in Sources */,
				447A83AC2B7A588E005F5911 /* bookView.swift in Sources */,
			);
			runOnlyForDeploymentPostprocessing = 0;
		};
		4418125A2B79238C006C4173 /* Sources */ = {
			isa = PBXSourcesBuildPhase;
			buildActionMask = 2147483647;
			files = (
				44C5745C2BC02A9A0078AA0A /* reviewModel.swift in Sources */,
				443AB5F42BB485C70052C620 /* bookDetailView.swift in Sources */,
				441812872B7939B0006C4173 /* bookModel.swift in Sources */,
				441812832B7931A1006C4173 /* moduleView.swift in Sources */,
				441812632B79238C006C4173 /* LIBRIFY_SWIFT_UITests.swift in Sources */,
			);
			runOnlyForDeploymentPostprocessing = 0;
		};
		441812642B79238C006C4173 /* Sources */ = {
			isa = PBXSourcesBuildPhase;
			buildActionMask = 2147483647;
			files = (
				4418126F2B79238C006C4173 /* LIBRIFY_SWIFT_UIUITestsLaunchTests.swift in Sources */,
				4418126D2B79238C006C4173 /* LIBRIFY_SWIFT_UIUITests.swift in Sources */,
				443AB5F52BB485C70052C620 /* bookDetailView.swift in Sources */,
				44C5745D2BC02A9A0078AA0A /* reviewModel.swift in Sources */,
				441812882B7939B0006C4173 /* bookModel.swift in Sources */,
				441812842B7931A1006C4173 /* moduleView.swift in Sources */,
			);
			runOnlyForDeploymentPostprocessing = 0;
		};
/* End PBXSourcesBuildPhase section */

/* Begin PBXTargetDependency section */
		441812602B79238C006C4173 /* PBXTargetDependency */ = {
			isa = PBXTargetDependency;
			target = 4418124D2B792389006C4173 /* LIBRIFY SWIFT UI */;
			targetProxy = 4418125F2B79238C006C4173 /* PBXContainerItemProxy */;
		};
		4418126A2B79238C006C4173 /* PBXTargetDependency */ = {
			isa = PBXTargetDependency;
			target = 4418124D2B792389006C4173 /* LIBRIFY SWIFT UI */;
			targetProxy = 441812692B79238C006C4173 /* PBXContainerItemProxy */;
		};
/* End PBXTargetDependency section */

/* Begin XCBuildConfiguration section */
		441812702B79238C006C4173 /* Debug */ = {
			isa = XCBuildConfiguration;
			buildSettings = {
				ALWAYS_SEARCH_USER_PATHS = NO;
				ASSETCATALOG_COMPILER_GENERATE_SWIFT_ASSET_SYMBOL_EXTENSIONS = YES;
				CLANG_ANALYZER_NONNULL = YES;
				CLANG_ANALYZER_NUMBER_OBJECT_CONVERSION = YES_AGGRESSIVE;
				CLANG_CXX_LANGUAGE_STANDARD = "gnu++20";
				CLANG_ENABLE_MODULES = YES;
				CLANG_ENABLE_OBJC_ARC = YES;
				CLANG_ENABLE_OBJC_WEAK = YES;
				CLANG_WARN_BLOCK_CAPTURE_AUTORELEASING = YES;
				CLANG_WARN_BOOL_CONVERSION = YES;
				CLANG_WARN_COMMA = YES;
				CLANG_WARN_CONSTANT_CONVERSION = YES;
				CLANG_WARN_DEPRECATED_OBJC_IMPLEMENTATIONS = YES;
				CLANG_WARN_DIRECT_OBJC_ISA_USAGE = YES_ERROR;
				CLANG_WARN_DOCUMENTATION_COMMENTS = YES;
				CLANG_WARN_EMPTY_BODY = YES;
				CLANG_WARN_ENUM_CONVERSION = YES;
				CLANG_WARN_INFINITE_RECURSION = YES;
				CLANG_WARN_INT_CONVERSION = YES;
				CLANG_WARN_NON_LITERAL_NULL_CONVERSION = YES;
				CLANG_WARN_OBJC_IMPLICIT_RETAIN_SELF = YES;
				CLANG_WARN_OBJC_LITERAL_CONVERSION = YES;
				CLANG_WARN_OBJC_ROOT_CLASS = YES_ERROR;
				CLANG_WARN_QUOTED_INCLUDE_IN_FRAMEWORK_HEADER = YES;
				CLANG_WARN_RANGE_LOOP_ANALYSIS = YES;
				CLANG_WARN_STRICT_PROTOTYPES = YES;
				CLANG_WARN_SUSPICIOUS_MOVE = YES;
				CLANG_WARN_UNGUARDED_AVAILABILITY = YES_AGGRESSIVE;
				CLANG_WARN_UNREACHABLE_CODE = YES;
				CLANG_WARN__DUPLICATE_METHOD_MATCH = YES;
				COPY_PHASE_STRIP = NO;
				DEBUG_INFORMATION_FORMAT = dwarf;
				ENABLE_STRICT_OBJC_MSGSEND = YES;
				ENABLE_TESTABILITY = YES;
				ENABLE_USER_SCRIPT_SANDBOXING = YES;
				GCC_C_LANGUAGE_STANDARD = gnu17;
				GCC_DYNAMIC_NO_PIC = NO;
				GCC_NO_COMMON_BLOCKS = YES;
				GCC_OPTIMIZATION_LEVEL = 0;
				GCC_PREPROCESSOR_DEFINITIONS = (
					"DEBUG=1",
					"$(inherited)",
				);
				GCC_WARN_64_TO_32_BIT_CONVERSION = YES;
				GCC_WARN_ABOUT_RETURN_TYPE = YES_ERROR;
				GCC_WARN_UNDECLARED_SELECTOR = YES;
				GCC_WARN_UNINITIALIZED_AUTOS = YES_AGGRESSIVE;
				GCC_WARN_UNUSED_FUNCTION = YES;
				GCC_WARN_UNUSED_VARIABLE = YES;
				IPHONEOS_DEPLOYMENT_TARGET = 17.2;
				LOCALIZATION_PREFERS_STRING_CATALOGS = YES;
				MTL_ENABLE_DEBUG_INFO = INCLUDE_SOURCE;
				MTL_FAST_MATH = YES;
				ONLY_ACTIVE_ARCH = YES;
				SDKROOT = iphoneos;
				SWIFT_ACTIVE_COMPILATION_CONDITIONS = "DEBUG $(inherited)";
				SWIFT_OPTIMIZATION_LEVEL = "-Onone";
			};
			name = Debug;
		};
		441812712B79238C006C4173 /* Release */ = {
			isa = XCBuildConfiguration;
			buildSettings = {
				ALWAYS_SEARCH_USER_PATHS = NO;
				ASSETCATALOG_COMPILER_GENERATE_SWIFT_ASSET_SYMBOL_EXTENSIONS = YES;
				CLANG_ANALYZER_NONNULL = YES;
				CLANG_ANALYZER_NUMBER_OBJECT_CONVERSION = YES_AGGRESSIVE;
				CLANG_CXX_LANGUAGE_STANDARD = "gnu++20";
				CLANG_ENABLE_MODULES = YES;
				CLANG_ENABLE_OBJC_ARC = YES;
				CLANG_ENABLE_OBJC_WEAK = YES;
				CLANG_WARN_BLOCK_CAPTURE_AUTORELEASING = YES;
				CLANG_WARN_BOOL_CONVERSION = YES;
				CLANG_WARN_COMMA = YES;
				CLANG_WARN_CONSTANT_CONVERSION = YES;
				CLANG_WARN_DEPRECATED_OBJC_IMPLEMENTATIONS = YES;
				CLANG_WARN_DIRECT_OBJC_ISA_USAGE = YES_ERROR;
				CLANG_WARN_DOCUMENTATION_COMMENTS = YES;
				CLANG_WARN_EMPTY_BODY = YES;
				CLANG_WARN_ENUM_CONVERSION = YES;
				CLANG_WARN_INFINITE_RECURSION = YES;
				CLANG_WARN_INT_CONVERSION = YES;
				CLANG_WARN_NON_LITERAL_NULL_CONVERSION = YES;
				CLANG_WARN_OBJC_IMPLICIT_RETAIN_SELF = YES;
				CLANG_WARN_OBJC_LITERAL_CONVERSION = YES;
				CLANG_WARN_OBJC_ROOT_CLASS = YES_ERROR;
				CLANG_WARN_QUOTED_INCLUDE_IN_FRAMEWORK_HEADER = YES;
				CLANG_WARN_RANGE_LOOP_ANALYSIS = YES;
				CLANG_WARN_STRICT_PROTOTYPES = YES;
				CLANG_WARN_SUSPICIOUS_MOVE = YES;
				CLANG_WARN_UNGUARDED_AVAILABILITY = YES_AGGRESSIVE;
				CLANG_WARN_UNREACHABLE_CODE = YES;
				CLANG_WARN__DUPLICATE_METHOD_MATCH = YES;
				COPY_PHASE_STRIP = NO;
				DEBUG_INFORMATION_FORMAT = "dwarf-with-dsym";
				ENABLE_NS_ASSERTIONS = NO;
				ENABLE_STRICT_OBJC_MSGSEND = YES;
				ENABLE_USER_SCRIPT_SANDBOXING = YES;
				GCC_C_LANGUAGE_STANDARD = gnu17;
				GCC_NO_COMMON_BLOCKS = YES;
				GCC_WARN_64_TO_32_BIT_CONVERSION = YES;
				GCC_WARN_ABOUT_RETURN_TYPE = YES_ERROR;
				GCC_WARN_UNDECLARED_SELECTOR = YES;
				GCC_WARN_UNINITIALIZED_AUTOS = YES_AGGRESSIVE;
				GCC_WARN_UNUSED_FUNCTION = YES;
				GCC_WARN_UNUSED_VARIABLE = YES;
				IPHONEOS_DEPLOYMENT_TARGET = 17.2;
				LOCALIZATION_PREFERS_STRING_CATALOGS = YES;
				MTL_ENABLE_DEBUG_INFO = NO;
				MTL_FAST_MATH = YES;
				SDKROOT = iphoneos;
				SWIFT_COMPILATION_MODE = wholemodule;
				VALIDATE_PRODUCT = YES;
			};
			name = Release;
		};
		441812732B79238C006C4173 /* Debug */ = {
			isa = XCBuildConfiguration;
			buildSettings = {
				ASSETCATALOG_COMPILER_APPICON_NAME = AppIcon;
				ASSETCATALOG_COMPILER_GLOBAL_ACCENT_COLOR_NAME = AccentColor;
				CODE_SIGN_STYLE = Automatic;
				CURRENT_PROJECT_VERSION = 1;
				DEVELOPMENT_ASSET_PATHS = "\"LIBRIFY SWIFT UI/Preview Content\"";
				ENABLE_PREVIEWS = YES;
				GENERATE_INFOPLIST_FILE = YES;
				INFOPLIST_KEY_UIApplicationSceneManifest_Generation = YES;
				INFOPLIST_KEY_UIApplicationSupportsIndirectInputEvents = YES;
				INFOPLIST_KEY_UILaunchScreen_Generation = YES;
				INFOPLIST_KEY_UISupportedInterfaceOrientations_iPad = "UIInterfaceOrientationPortrait UIInterfaceOrientationPortraitUpsideDown UIInterfaceOrientationLandscapeLeft UIInterfaceOrientationLandscapeRight";
				INFOPLIST_KEY_UISupportedInterfaceOrientations_iPhone = "UIInterfaceOrientationPortrait UIInterfaceOrientationLandscapeLeft UIInterfaceOrientationLandscapeRight";
				LD_RUNPATH_SEARCH_PATHS = (
					"$(inherited)",
					"@executable_path/Frameworks",
				);
				MARKETING_VERSION = 1.0;
				PRODUCT_BUNDLE_IDENTIFIER = "LIBRIFY.LIBRIFY-SWIFT-UI";
				PRODUCT_NAME = "$(TARGET_NAME)";
				SWIFT_EMIT_LOC_STRINGS = YES;
				SWIFT_VERSION = 5.0;
				TARGETED_DEVICE_FAMILY = "1,2";
			};
			name = Debug;
		};
		441812742B79238C006C4173 /* Release */ = {
			isa = XCBuildConfiguration;
			buildSettings = {
				ASSETCATALOG_COMPILER_APPICON_NAME = AppIcon;
				ASSETCATALOG_COMPILER_GLOBAL_ACCENT_COLOR_NAME = AccentColor;
				CODE_SIGN_STYLE = Automatic;
				CURRENT_PROJECT_VERSION = 1;
				DEVELOPMENT_ASSET_PATHS = "\"LIBRIFY SWIFT UI/Preview Content\"";
				ENABLE_PREVIEWS = YES;
				GENERATE_INFOPLIST_FILE = YES;
				INFOPLIST_KEY_UIApplicationSceneManifest_Generation = YES;
				INFOPLIST_KEY_UIApplicationSupportsIndirectInputEvents = YES;
				INFOPLIST_KEY_UILaunchScreen_Generation = YES;
				INFOPLIST_KEY_UISupportedInterfaceOrientations_iPad = "UIInterfaceOrientationPortrait UIInterfaceOrientationPortraitUpsideDown UIInterfaceOrientationLandscapeLeft UIInterfaceOrientationLandscapeRight";
				INFOPLIST_KEY_UISupportedInterfaceOrientations_iPhone = "UIInterfaceOrientationPortrait UIInterfaceOrientationLandscapeLeft UIInterfaceOrientationLandscapeRight";
				LD_RUNPATH_SEARCH_PATHS = (
					"$(inherited)",
					"@executable_path/Frameworks",
				);
				MARKETING_VERSION = 1.0;
				PRODUCT_BUNDLE_IDENTIFIER = "LIBRIFY.LIBRIFY-SWIFT-UI";
				PRODUCT_NAME = "$(TARGET_NAME)";
				SWIFT_EMIT_LOC_STRINGS = YES;
				SWIFT_VERSION = 5.0;
				TARGETED_DEVICE_FAMILY = "1,2";
			};
			name = Release;
		};
		441812762B79238C006C4173 /* Debug */ = {
			isa = XCBuildConfiguration;
			buildSettings = {
				ALWAYS_EMBED_SWIFT_STANDARD_LIBRARIES = YES;
				BUNDLE_LOADER = "$(TEST_HOST)";
				CODE_SIGN_STYLE = Automatic;
				CURRENT_PROJECT_VERSION = 1;
				GENERATE_INFOPLIST_FILE = YES;
				IPHONEOS_DEPLOYMENT_TARGET = 17.2;
				MARKETING_VERSION = 1.0;
				PRODUCT_BUNDLE_IDENTIFIER = "LIBRIFY.LIBRIFY-SWIFT-UITests";
				PRODUCT_NAME = "$(TARGET_NAME)";
				SWIFT_EMIT_LOC_STRINGS = NO;
				SWIFT_VERSION = 5.0;
				TARGETED_DEVICE_FAMILY = "1,2";
				TEST_HOST = "$(BUILT_PRODUCTS_DIR)/LIBRIFY SWIFT UI.app/$(BUNDLE_EXECUTABLE_FOLDER_PATH)/LIBRIFY SWIFT UI";
			};
			name = Debug;
		};
		441812772B79238C006C4173 /* Release */ = {
			isa = XCBuildConfiguration;
			buildSettings = {
				ALWAYS_EMBED_SWIFT_STANDARD_LIBRARIES = YES;
				BUNDLE_LOADER = "$(TEST_HOST)";
				CODE_SIGN_STYLE = Automatic;
				CURRENT_PROJECT_VERSION = 1;
				GENERATE_INFOPLIST_FILE = YES;
				IPHONEOS_DEPLOYMENT_TARGET = 17.2;
				MARKETING_VERSION = 1.0;
				PRODUCT_BUNDLE_IDENTIFIER = "LIBRIFY.LIBRIFY-SWIFT-UITests";
				PRODUCT_NAME = "$(TARGET_NAME)";
				SWIFT_EMIT_LOC_STRINGS = NO;
				SWIFT_VERSION = 5.0;
				TARGETED_DEVICE_FAMILY = "1,2";
				TEST_HOST = "$(BUILT_PRODUCTS_DIR)/LIBRIFY SWIFT UI.app/$(BUNDLE_EXECUTABLE_FOLDER_PATH)/LIBRIFY SWIFT UI";
			};
			name = Release;
		};
		441812792B79238C006C4173 /* Debug */ = {
			isa = XCBuildConfiguration;
			buildSettings = {
				ALWAYS_EMBED_SWIFT_STANDARD_LIBRARIES = YES;
				CODE_SIGN_STYLE = Automatic;
				CURRENT_PROJECT_VERSION = 1;
				GENERATE_INFOPLIST_FILE = YES;
				MARKETING_VERSION = 1.0;
				PRODUCT_BUNDLE_IDENTIFIER = "LIBRIFY.LIBRIFY-SWIFT-UIUITests";
				PRODUCT_NAME = "$(TARGET_NAME)";
				SWIFT_EMIT_LOC_STRINGS = NO;
				SWIFT_VERSION = 5.0;
				TARGETED_DEVICE_FAMILY = "1,2";
				TEST_TARGET_NAME = "LIBRIFY SWIFT UI";
			};
			name = Debug;
		};
		4418127A2B79238C006C4173 /* Release */ = {
			isa = XCBuildConfiguration;
			buildSettings = {
				ALWAYS_EMBED_SWIFT_STANDARD_LIBRARIES = YES;
				CODE_SIGN_STYLE = Automatic;
				CURRENT_PROJECT_VERSION = 1;
				GENERATE_INFOPLIST_FILE = YES;
				MARKETING_VERSION = 1.0;
				PRODUCT_BUNDLE_IDENTIFIER = "LIBRIFY.LIBRIFY-SWIFT-UIUITests";
				PRODUCT_NAME = "$(TARGET_NAME)";
				SWIFT_EMIT_LOC_STRINGS = NO;
				SWIFT_VERSION = 5.0;
				TARGETED_DEVICE_FAMILY = "1,2";
				TEST_TARGET_NAME = "LIBRIFY SWIFT UI";
			};
			name = Release;
		};
/* End XCBuildConfiguration section */

/* Begin XCConfigurationList section */
		441812492B792389006C4173 /* Build configuration list for PBXProject "LIBRIFY SWIFT UI" */ = {
			isa = XCConfigurationList;
			buildConfigurations = (
				441812702B79238C006C4173 /* Debug */,
				441812712B79238C006C4173 /* Release */,
			);
			defaultConfigurationIsVisible = 0;
			defaultConfigurationName = Release;
		};
		441812722B79238C006C4173 /* Build configuration list for PBXNativeTarget "LIBRIFY SWIFT UI" */ = {
			isa = XCConfigurationList;
			buildConfigurations = (
				441812732B79238C006C4173 /* Debug */,
				441812742B79238C006C4173 /* Release */,
			);
			defaultConfigurationIsVisible = 0;
			defaultConfigurationName = Release;
		};
		441812752B79238C006C4173 /* Build configuration list for PBXNativeTarget "LIBRIFY SWIFT UITests" */ = {
			isa = XCConfigurationList;
			buildConfigurations = (
				441812762B79238C006C4173 /* Debug */,
				441812772B79238C006C4173 /* Release */,
			);
			defaultConfigurationIsVisible = 0;
			defaultConfigurationName = Release;
		};
		441812782B79238C006C4173 /* Build configuration list for PBXNativeTarget "LIBRIFY SWIFT UIUITests" */ = {
			isa = XCConfigurationList;
			buildConfigurations = (
				441812792B79238C006C4173 /* Debug */,
				4418127A2B79238C006C4173 /* Release */,
			);
			defaultConfigurationIsVisible = 0;
			defaultConfigurationName = Release;
		};
/* End XCConfigurationList section */
	};
	rootObject = 441812462B792389006C4173 /* Project object */;
}
